
Microsoft Visual Studio Solution File, Format Version 12.00
# Visual Studio Version 16
VisualStudioVersion = 16.0.30907.101
MinimumVisualStudioVersion = 10.0.40219.1
Project("{FAE04EC0-301F-11D3-BF4B-00C04F79EFBC}") = "Cs5.HaftaOdevi", "Cs5.HaftaOdevi\Cs5.HaftaOdevi.csproj", "{B38DBCC8-E13D-49CC-BD24-8840B2191853}"
EndProject
Global
	GlobalSection(SolutionConfigurationPlatforms) = preSolution
		Debug|Any CPU = Debug|Any CPU
		Release|Any CPU = Release|Any CPU
	EndGlobalSection
	GlobalSection(ProjectConfigurationPlatforms) = postSolution
		{B38DBCC8-E13D-49CC-BD24-8840B2191853}.Debug|Any CPU.ActiveCfg = Debug|Any CPU
		{B38DBCC8-E13D-49CC-BD24-8840B2191853}.Debug|Any CPU.Build.0 = Debug|Any CPU
		{B38DBCC8-E13D-49CC-BD24-8840B2191853}.Release|Any CPU.ActiveCfg = Release|Any CPU
		{B38DBCC8-E13D-49CC-BD24-8840B2191853}.Release|Any CPU.Build.0 = Release|Any CPU
	EndGlobalSection
	GlobalSection(SolutionProperties) = preSolution
		HideSolutionNode = FALSE
	EndGlobalSection
	GlobalSection(ExtensibilityGlobals) = postSolution
		SolutionGuid = {755DC6A6-2F3D-4BDF-A9C7-8179D1E8012D}
	EndGlobalSection
EndGlobal
